
Microsoft Visual Studio Solution File, Format Version 12.00
# Visual Studio Version 16
VisualStudioVersion = 16.0.31313.79
MinimumVisualStudioVersion = 10.0.40219.1
Project("{FAE04EC0-301F-11D3-BF4B-00C04F79EFBC}") = "PizzaPlace.Server", "PizzaPlace\Server\PizzaPlace.Server.csproj", "{4DA08EA2-A4F0-4AA8-9FD3-065E5CD25AF0}"
EndProject
Project("{FAE04EC0-301F-11D3-BF4B-00C04F79EFBC}") = "PizzaPlace.Client", "PizzaPlace\Client\PizzaPlace.Client.csproj", "{A3DE783F-2334-4F4F-8D91-4EDB08D01803}"
EndProject
Project("{FAE04EC0-301F-11D3-BF4B-00C04F79EFBC}") = "PizzaPlace.Shared", "PizzaPlace\Shared\PizzaPlace.Shared.csproj", "{A8445B86-3D5E-42B5-B431-4D75BB8A7658}"
EndProject
Global
	GlobalSection(SolutionConfigurationPlatforms) = preSolution
		Debug|Any CPU = Debug|Any CPU
		Release|Any CPU = Release|Any CPU
	EndGlobalSection
	GlobalSection(ProjectConfigurationPlatforms) = postSolution
		{4DA08EA2-A4F0-4AA8-9FD3-065E5CD25AF0}.Debug|Any CPU.ActiveCfg = Debug|Any CPU
		{4DA08EA2-A4F0-4AA8-9FD3-065E5CD25AF0}.Debug|Any CPU.Build.0 = Debug|Any CPU
		{4DA08EA2-A4F0-4AA8-9FD3-065E5CD25AF0}.Release|Any CPU.ActiveCfg = Release|Any CPU
		{4DA08EA2-A4F0-4AA8-9FD3-065E5CD25AF0}.Release|Any CPU.Build.0 = Release|Any CPU
		{A3DE783F-2334-4F4F-8D91-4EDB08D01803}.Debug|Any CPU.ActiveCfg = Debug|Any CPU
		{A3DE783F-2334-4F4F-8D91-4EDB08D01803}.Debug|Any CPU.Build.0 = Debug|Any CPU
		{A3DE783F-2334-4F4F-8D91-4EDB08D01803}.Release|Any CPU.ActiveCfg = Release|Any CPU
		{A3DE783F-2334-4F4F-8D91-4EDB08D01803}.Release|Any CPU.Build.0 = Release|Any CPU
		{A8445B86-3D5E-42B5-B431-4D75BB8A7658}.Debug|Any CPU.ActiveCfg = Debug|Any CPU
		{A8445B86-3D5E-42B5-B431-4D75BB8A7658}.Debug|Any CPU.Build.0 = Debug|Any CPU
		{A8445B86-3D5E-42B5-B431-4D75BB8A7658}.Release|Any CPU.ActiveCfg = Release|Any CPU
		{A8445B86-3D5E-42B5-B431-4D75BB8A7658}.Release|Any CPU.Build.0 = Release|Any CPU
	EndGlobalSection
	GlobalSection(SolutionProperties) = preSolution
		HideSolutionNode = FALSE
	EndGlobalSection
	GlobalSection(ExtensibilityGlobals) = postSolution
		SolutionGuid = {DADFA232-A5C2-42F1-A4A8-1C4D427220AB}
	EndGlobalSection
EndGlobal
